
Microsoft Visual Studio Solution File, Format Version 12.00
# Visual Studio 15
VisualStudioVersion = 15.0.26430.14
MinimumVisualStudioVersion = 10.0.40219.1
Project("{E3B18060-E391-4A7B-8311-BAD2A95609CC}") = "SqlDsl.Dapper", "SqlDsl.Dapper\SqlDsl.Dapper.csproj", "{1CE30E1B-D490-45D5-999A-685131A21465}"
EndProject
Project("{E3B18060-E391-4A7B-8311-BAD2A95609CC}") = "SqlDsl.Dapper.Tests", "SqlDsl.Dapper.Tests\SqlDsl.Dapper.Tests.csproj", "{7EB7A531-1343-4EC3-8E8B-72945F8882DB}"
EndProject
Global
	GlobalSection(SolutionConfigurationPlatforms) = preSolution
		Debug|Any CPU = Debug|Any CPU
		Release|Any CPU = Release|Any CPU
	EndGlobalSection
	GlobalSection(ProjectConfigurationPlatforms) = postSolution
		{1CE30E1B-D490-45D5-999A-685131A21465}.Debug|Any CPU.ActiveCfg = Debug|Any CPU
		{1CE30E1B-D490-45D5-999A-685131A21465}.Debug|Any CPU.Build.0 = Debug|Any CPU
		{1CE30E1B-D490-45D5-999A-685131A21465}.Release|Any CPU.ActiveCfg = Release|Any CPU
		{1CE30E1B-D490-45D5-999A-685131A21465}.Release|Any CPU.Build.0 = Release|Any CPU
		{7EB7A531-1343-4EC3-8E8B-72945F8882DB}.Debug|Any CPU.ActiveCfg = Debug|Any CPU
		{7EB7A531-1343-4EC3-8E8B-72945F8882DB}.Debug|Any CPU.Build.0 = Debug|Any CPU
		{7EB7A531-1343-4EC3-8E8B-72945F8882DB}.Release|Any CPU.ActiveCfg = Release|Any CPU
		{7EB7A531-1343-4EC3-8E8B-72945F8882DB}.Release|Any CPU.Build.0 = Release|Any CPU
	EndGlobalSection
	GlobalSection(SolutionProperties) = preSolution
		HideSolutionNode = FALSE
	EndGlobalSection
EndGlobal
